
Microsoft Visual Studio Solution File, Format Version 12.00
# Visual Studio Version 17
VisualStudioVersion = 17.12.35521.163
MinimumVisualStudioVersion = 10.0.40219.1
Project("{FAE04EC0-301F-11D3-BF4B-00C04F79EFBC}") = "margarita", "margarita\margarita.csproj", "{D7A0CC60-3F19-4822-9A2F-1961E00103D5}"
EndProject
Project("{FAE04EC0-301F-11D3-BF4B-00C04F79EFBC}") = "margarita.Desktop", "margarita.Desktop\margarita.Desktop.csproj", "{B7D1E6FE-4711-415A-ADA2-E311B13A2274}"
EndProject
Project("{2150E333-8FDC-42A3-9474-1A3956D46DE8}") = "Solution Items", "Solution Items", "{CED198D4-19E5-4942-9997-7B18811C78F0}"
	ProjectSection(SolutionItems) = preProject
		Directory.Build.props = Directory.Build.props
		Directory.Packages.props = Directory.Packages.props
	EndProjectSection
EndProject
Project("{FAE04EC0-301F-11D3-BF4B-00C04F79EFBC}") = "BetterUI.Infrastructure", "BetterUI.Infrastructure\BetterUI.Infrastructure.csproj", "{5FC05577-E2AF-493C-99A1-12A81CAF6837}"
EndProject
Project("{FAE04EC0-301F-11D3-BF4B-00C04F79EFBC}") = "BetterUI.Styles", "BetterUI.Styles\BetterUI.Styles.csproj", "{26DDA910-6F17-4732-99B6-4F4E4DAF3A71}"
EndProject
Project("{FAE04EC0-301F-11D3-BF4B-00C04F79EFBC}") = "margarita.Data", "margarita.Data\margarita.Data.csproj", "{BE2463AB-F51D-4ADC-A834-E015F6BAC68F}"
EndProject
Project("{FAE04EC0-301F-11D3-BF4B-00C04F79EFBC}") = "margarita.RecipeBook", "margarita.RecipeBook\margarita.RecipeBook.csproj", "{41FDD117-719A-4E2F-927B-B6CD3615EEFC}"
EndProject
Project("{FAE04EC0-301F-11D3-BF4B-00C04F79EFBC}") = "margarita.MyBar", "margarita.MyBar\margarita.MyBar.csproj", "{ECDAA889-E34C-444A-99F1-23DD2485780A}"
EndProject
Project("{FAE04EC0-301F-11D3-BF4B-00C04F79EFBC}") = "margarita.Controls", "margarita.Controls\margarita.Controls.csproj", "{B9E9F8E5-94C2-416E-9A1E-E1892DD2863D}"
EndProject
Project("{FAE04EC0-301F-11D3-BF4B-00C04F79EFBC}") = "margarita.Service", "margarita.Service\margarita.Service.csproj", "{C75F7AEA-CCC6-4D3A-B5D7-79F5410DE43F}"
EndProject
Global
	GlobalSection(SolutionConfigurationPlatforms) = preSolution
		Debug|Any CPU = Debug|Any CPU
		Release|Any CPU = Release|Any CPU
	EndGlobalSection
	GlobalSection(ProjectConfigurationPlatforms) = postSolution
		{D7A0CC60-3F19-4822-9A2F-1961E00103D5}.Debug|Any CPU.ActiveCfg = Debug|Any CPU
		{D7A0CC60-3F19-4822-9A2F-1961E00103D5}.Debug|Any CPU.Build.0 = Debug|Any CPU
		{D7A0CC60-3F19-4822-9A2F-1961E00103D5}.Release|Any CPU.ActiveCfg = Release|Any CPU
		{D7A0CC60-3F19-4822-9A2F-1961E00103D5}.Release|Any CPU.Build.0 = Release|Any CPU
		{B7D1E6FE-4711-415A-ADA2-E311B13A2274}.Debug|Any CPU.ActiveCfg = Debug|Any CPU
		{B7D1E6FE-4711-415A-ADA2-E311B13A2274}.Debug|Any CPU.Build.0 = Debug|Any CPU
		{B7D1E6FE-4711-415A-ADA2-E311B13A2274}.Release|Any CPU.ActiveCfg = Release|Any CPU
		{B7D1E6FE-4711-415A-ADA2-E311B13A2274}.Release|Any CPU.Build.0 = Release|Any CPU
		{5FC05577-E2AF-493C-99A1-12A81CAF6837}.Debug|Any CPU.ActiveCfg = Debug|Any CPU
		{5FC05577-E2AF-493C-99A1-12A81CAF6837}.Debug|Any CPU.Build.0 = Debug|Any CPU
		{5FC05577-E2AF-493C-99A1-12A81CAF6837}.Release|Any CPU.ActiveCfg = Release|Any CPU
		{5FC05577-E2AF-493C-99A1-12A81CAF6837}.Release|Any CPU.Build.0 = Release|Any CPU
		{26DDA910-6F17-4732-99B6-4F4E4DAF3A71}.Debug|Any CPU.ActiveCfg = Debug|Any CPU
		{26DDA910-6F17-4732-99B6-4F4E4DAF3A71}.Debug|Any CPU.Build.0 = Debug|Any CPU
		{26DDA910-6F17-4732-99B6-4F4E4DAF3A71}.Release|Any CPU.ActiveCfg = Release|Any CPU
		{26DDA910-6F17-4732-99B6-4F4E4DAF3A71}.Release|Any CPU.Build.0 = Release|Any CPU
		{BE2463AB-F51D-4ADC-A834-E015F6BAC68F}.Debug|Any CPU.ActiveCfg = Debug|Any CPU
		{BE2463AB-F51D-4ADC-A834-E015F6BAC68F}.Debug|Any CPU.Build.0 = Debug|Any CPU
		{BE2463AB-F51D-4ADC-A834-E015F6BAC68F}.Release|Any CPU.ActiveCfg = Release|Any CPU
		{BE2463AB-F51D-4ADC-A834-E015F6BAC68F}.Release|Any CPU.Build.0 = Release|Any CPU
		{41FDD117-719A-4E2F-927B-B6CD3615EEFC}.Debug|Any CPU.ActiveCfg = Debug|Any CPU
		{41FDD117-719A-4E2F-927B-B6CD3615EEFC}.Debug|Any CPU.Build.0 = Debug|Any CPU
		{41FDD117-719A-4E2F-927B-B6CD3615EEFC}.Release|Any CPU.ActiveCfg = Release|Any CPU
		{41FDD117-719A-4E2F-927B-B6CD3615EEFC}.Release|Any CPU.Build.0 = Release|Any CPU
		{ECDAA889-E34C-444A-99F1-23DD2485780A}.Debug|Any CPU.ActiveCfg = Debug|Any CPU
		{ECDAA889-E34C-444A-99F1-23DD2485780A}.Debug|Any CPU.Build.0 = Debug|Any CPU
		{ECDAA889-E34C-444A-99F1-23DD2485780A}.Release|Any CPU.ActiveCfg = Release|Any CPU
		{ECDAA889-E34C-444A-99F1-23DD2485780A}.Release|Any CPU.Build.0 = Release|Any CPU
		{B9E9F8E5-94C2-416E-9A1E-E1892DD2863D}.Debug|Any CPU.ActiveCfg = Debug|Any CPU
		{B9E9F8E5-94C2-416E-9A1E-E1892DD2863D}.Debug|Any CPU.Build.0 = Debug|Any CPU
		{B9E9F8E5-94C2-416E-9A1E-E1892DD2863D}.Release|Any CPU.ActiveCfg = Release|Any CPU
		{B9E9F8E5-94C2-416E-9A1E-E1892DD2863D}.Release|Any CPU.Build.0 = Release|Any CPU
		{C75F7AEA-CCC6-4D3A-B5D7-79F5410DE43F}.Debug|Any CPU.ActiveCfg = Debug|Any CPU
		{C75F7AEA-CCC6-4D3A-B5D7-79F5410DE43F}.Debug|Any CPU.Build.0 = Debug|Any CPU
		{C75F7AEA-CCC6-4D3A-B5D7-79F5410DE43F}.Release|Any CPU.ActiveCfg = Release|Any CPU
		{C75F7AEA-CCC6-4D3A-B5D7-79F5410DE43F}.Release|Any CPU.Build.0 = Release|Any CPU
	EndGlobalSection
	GlobalSection(SolutionProperties) = preSolution
		HideSolutionNode = FALSE
	EndGlobalSection
EndGlobal
