
Microsoft Visual Studio Solution File, Format Version 12.00
# Visual Studio Version 17
VisualStudioVersion = 17.12.35521.163
MinimumVisualStudioVersion = 10.0.40219.1
Project("{FAE04EC0-301F-11D3-BF4B-00C04F79EFBC}") = "margarita", "margarita\margarita.csproj", "{D7A0CC60-3F19-4822-9A2F-1961E00103D5}"
EndProject
Project("{FAE04EC0-301F-11D3-BF4B-00C04F79EFBC}") = "margarita.Desktop", "margarita.Desktop\margarita.Desktop.csproj", "{B7D1E6FE-4711-415A-ADA2-E311B13A2274}"
EndProject
Project("{2150E333-8FDC-42A3-9474-1A3956D46DE8}") = "Solution Items", "Solution Items", "{CED198D4-19E5-4942-9997-7B18811C78F0}"
	ProjectSection(SolutionItems) = preProject
		Directory.Build.props = Directory.Build.props
		Directory.Packages.props = Directory.Packages.props
	EndProjectSection
EndProject
Project("{FAE04EC0-301F-11D3-BF4B-00C04F79EFBC}") = "BetterUI.Infrastructure", "UIInfrastructure\BetterUI.Infrastructure.csproj", "{5FC05577-E2AF-493C-99A1-12A81CAF6837}"
EndProject
Project("{FAE04EC0-301F-11D3-BF4B-00C04F79EFBC}") = "BetterUI.Styles", "BetterUI.Styles\BetterUI.Styles.csproj", "{26DDA910-6F17-4732-99B6-4F4E4DAF3A71}"
EndProject
Global
	GlobalSection(SolutionConfigurationPlatforms) = preSolution
		Debug|Any CPU = Debug|Any CPU
		Release|Any CPU = Release|Any CPU
	EndGlobalSection
	GlobalSection(ProjectConfigurationPlatforms) = postSolution
		{D7A0CC60-3F19-4822-9A2F-1961E00103D5}.Debug|Any CPU.ActiveCfg = Debug|Any CPU
		{D7A0CC60-3F19-4822-9A2F-1961E00103D5}.Debug|Any CPU.Build.0 = Debug|Any CPU
		{D7A0CC60-3F19-4822-9A2F-1961E00103D5}.Release|Any CPU.ActiveCfg = Release|Any CPU
		{D7A0CC60-3F19-4822-9A2F-1961E00103D5}.Release|Any CPU.Build.0 = Release|Any CPU
		{B7D1E6FE-4711-415A-ADA2-E311B13A2274}.Debug|Any CPU.ActiveCfg = Debug|Any CPU
		{B7D1E6FE-4711-415A-ADA2-E311B13A2274}.Debug|Any CPU.Build.0 = Debug|Any CPU
		{B7D1E6FE-4711-415A-ADA2-E311B13A2274}.Release|Any CPU.ActiveCfg = Release|Any CPU
		{B7D1E6FE-4711-415A-ADA2-E311B13A2274}.Release|Any CPU.Build.0 = Release|Any CPU
		{5FC05577-E2AF-493C-99A1-12A81CAF6837}.Debug|Any CPU.ActiveCfg = Debug|Any CPU
		{5FC05577-E2AF-493C-99A1-12A81CAF6837}.Debug|Any CPU.Build.0 = Debug|Any CPU
		{5FC05577-E2AF-493C-99A1-12A81CAF6837}.Release|Any CPU.ActiveCfg = Release|Any CPU
		{5FC05577-E2AF-493C-99A1-12A81CAF6837}.Release|Any CPU.Build.0 = Release|Any CPU
		{26DDA910-6F17-4732-99B6-4F4E4DAF3A71}.Debug|Any CPU.ActiveCfg = Debug|Any CPU
		{26DDA910-6F17-4732-99B6-4F4E4DAF3A71}.Debug|Any CPU.Build.0 = Debug|Any CPU
		{26DDA910-6F17-4732-99B6-4F4E4DAF3A71}.Release|Any CPU.ActiveCfg = Release|Any CPU
		{26DDA910-6F17-4732-99B6-4F4E4DAF3A71}.Release|Any CPU.Build.0 = Release|Any CPU
	EndGlobalSection
	GlobalSection(SolutionProperties) = preSolution
		HideSolutionNode = FALSE
	EndGlobalSection
EndGlobal
